
Microsoft Visual Studio Solution File, Format Version 12.00
# Visual Studio Version 17
VisualStudioVersion = 17.5.33424.131
MinimumVisualStudioVersion = 10.0.40219.1
Project("{9A19103F-16F7-4668-BE54-9A1E7A4F7556}") = "PoeExporter", "PoeExporter\PoeExporter.csproj", "{F38DEB40-60F7-4BE7-B9AF-4042C540A497}"
EndProject
Project("{9A19103F-16F7-4668-BE54-9A1E7A4F7556}") = "PoeData", "PoeData\PoeData.csproj", "{596225A6-F924-445F-AF90-AA79C4927990}"
EndProject
Project("{2150E333-8FDC-42A3-9474-1A3956D46DE8}") = "Solution Items", "Solution Items", "{3F7E6C08-EECD-4638-9DC0-6F8EBDB2AEE7}"
	ProjectSection(SolutionItems) = preProject
		.editorconfig = .editorconfig
		.gitignore = .gitignore
	EndProjectSection
EndProject
Project("{9A19103F-16F7-4668-BE54-9A1E7A4F7556}") = "ooz", "ooz\ooz.csproj", "{648401BC-BC60-4533-A516-4CBDFD467D5F}"
EndProject
Project("{9A19103F-16F7-4668-BE54-9A1E7A4F7556}") = "SpecificationGenerator", "SpecificationGenerator\SpecificationGenerator.csproj", "{AE09C3F9-E1D6-46B3-BBD2-C8DB1A11E6C2}"
EndProject
Project("{9A19103F-16F7-4668-BE54-9A1E7A4F7556}") = "MediaWiki", "MediaWiki\MediaWiki.csproj", "{10159C0C-0862-4CF0-AA8A-D765A3A0C410}"
EndProject
Project("{FAE04EC0-301F-11D3-BF4B-00C04F79EFBC}") = "PoeExporterGenerator", "PoeExporterGenerator\PoeExporterGenerator.csproj", "{1C9A1183-5485-41A5-8344-ADEEE6EEC9C9}"
EndProject
Global
	GlobalSection(SolutionConfigurationPlatforms) = preSolution
		Debug|Any CPU = Debug|Any CPU
		Release|Any CPU = Release|Any CPU
	EndGlobalSection
	GlobalSection(ProjectConfigurationPlatforms) = postSolution
		{F38DEB40-60F7-4BE7-B9AF-4042C540A497}.Debug|Any CPU.ActiveCfg = Debug|Any CPU
		{F38DEB40-60F7-4BE7-B9AF-4042C540A497}.Debug|Any CPU.Build.0 = Debug|Any CPU
		{F38DEB40-60F7-4BE7-B9AF-4042C540A497}.Release|Any CPU.ActiveCfg = Release|Any CPU
		{F38DEB40-60F7-4BE7-B9AF-4042C540A497}.Release|Any CPU.Build.0 = Release|Any CPU
		{596225A6-F924-445F-AF90-AA79C4927990}.Debug|Any CPU.ActiveCfg = Debug|Any CPU
		{596225A6-F924-445F-AF90-AA79C4927990}.Debug|Any CPU.Build.0 = Debug|Any CPU
		{596225A6-F924-445F-AF90-AA79C4927990}.Release|Any CPU.ActiveCfg = Release|Any CPU
		{596225A6-F924-445F-AF90-AA79C4927990}.Release|Any CPU.Build.0 = Release|Any CPU
		{648401BC-BC60-4533-A516-4CBDFD467D5F}.Debug|Any CPU.ActiveCfg = Debug|Any CPU
		{648401BC-BC60-4533-A516-4CBDFD467D5F}.Debug|Any CPU.Build.0 = Debug|Any CPU
		{648401BC-BC60-4533-A516-4CBDFD467D5F}.Release|Any CPU.ActiveCfg = Release|Any CPU
		{648401BC-BC60-4533-A516-4CBDFD467D5F}.Release|Any CPU.Build.0 = Release|Any CPU
		{AE09C3F9-E1D6-46B3-BBD2-C8DB1A11E6C2}.Debug|Any CPU.ActiveCfg = Debug|Any CPU
		{AE09C3F9-E1D6-46B3-BBD2-C8DB1A11E6C2}.Debug|Any CPU.Build.0 = Debug|Any CPU
		{AE09C3F9-E1D6-46B3-BBD2-C8DB1A11E6C2}.Release|Any CPU.ActiveCfg = Release|Any CPU
		{AE09C3F9-E1D6-46B3-BBD2-C8DB1A11E6C2}.Release|Any CPU.Build.0 = Release|Any CPU
		{10159C0C-0862-4CF0-AA8A-D765A3A0C410}.Debug|Any CPU.ActiveCfg = Debug|Any CPU
		{10159C0C-0862-4CF0-AA8A-D765A3A0C410}.Debug|Any CPU.Build.0 = Debug|Any CPU
		{10159C0C-0862-4CF0-AA8A-D765A3A0C410}.Release|Any CPU.ActiveCfg = Release|Any CPU
		{10159C0C-0862-4CF0-AA8A-D765A3A0C410}.Release|Any CPU.Build.0 = Release|Any CPU
		{1C9A1183-5485-41A5-8344-ADEEE6EEC9C9}.Debug|Any CPU.ActiveCfg = Debug|Any CPU
		{1C9A1183-5485-41A5-8344-ADEEE6EEC9C9}.Debug|Any CPU.Build.0 = Debug|Any CPU
		{1C9A1183-5485-41A5-8344-ADEEE6EEC9C9}.Release|Any CPU.ActiveCfg = Release|Any CPU
		{1C9A1183-5485-41A5-8344-ADEEE6EEC9C9}.Release|Any CPU.Build.0 = Release|Any CPU
	EndGlobalSection
	GlobalSection(SolutionProperties) = preSolution
		HideSolutionNode = FALSE
	EndGlobalSection
	GlobalSection(ExtensibilityGlobals) = postSolution
		SolutionGuid = {67F83B9A-E975-493D-A7E1-9F29A7C1761D}
	EndGlobalSection
EndGlobal
