
Microsoft Visual Studio Solution File, Format Version 12.00
Project("{FAE04EC0-301F-11D3-BF4B-00C04F79EFBC}") = "PoeExporter", "PoeExporter\PoeExporter.csproj", "{676C3E97-7935-417C-A2CF-9BFA6A1EF9F9}"
EndProject
Project("{FAE04EC0-301F-11D3-BF4B-00C04F79EFBC}") = "SchemaFormatter", "SchemaFormatter\SchemaFormatter.csproj", "{132E0C28-3FD1-4835-9EE0-F7B82CED9320}"
EndProject
Global
	GlobalSection(SolutionConfigurationPlatforms) = preSolution
		Debug|Any CPU = Debug|Any CPU
		Release|Any CPU = Release|Any CPU
	EndGlobalSection
	GlobalSection(ProjectConfigurationPlatforms) = postSolution
		{676C3E97-7935-417C-A2CF-9BFA6A1EF9F9}.Debug|Any CPU.ActiveCfg = Debug|Any CPU
		{676C3E97-7935-417C-A2CF-9BFA6A1EF9F9}.Debug|Any CPU.Build.0 = Debug|Any CPU
		{676C3E97-7935-417C-A2CF-9BFA6A1EF9F9}.Release|Any CPU.ActiveCfg = Release|Any CPU
		{676C3E97-7935-417C-A2CF-9BFA6A1EF9F9}.Release|Any CPU.Build.0 = Release|Any CPU
		{132E0C28-3FD1-4835-9EE0-F7B82CED9320}.Debug|Any CPU.ActiveCfg = Debug|Any CPU
		{132E0C28-3FD1-4835-9EE0-F7B82CED9320}.Debug|Any CPU.Build.0 = Debug|Any CPU
		{132E0C28-3FD1-4835-9EE0-F7B82CED9320}.Release|Any CPU.ActiveCfg = Release|Any CPU
		{132E0C28-3FD1-4835-9EE0-F7B82CED9320}.Release|Any CPU.Build.0 = Release|Any CPU
	EndGlobalSection
EndGlobal
